Microsoft Visual Studio Solution File, Format Version 12.00
# Visual Studio Version 17
VisualStudioVersion = 17.2.32630.192
MinimumVisualStudioVersion = 16.0.0.0
Project("{9A19103F-16F7-4668-BE54-9A1E7A4F7556}") = "tnyWeather.Server", "Server\tnyWeather.Server.csproj", "{F3D50D00-CBF1-454C-9F35-E4A5687767DF}"
EndProject
Project("{9A19103F-16F7-4668-BE54-9A1E7A4F7556}") = "tnyWeather.Client", "Client\tnyWeather.Client.csproj", "{46008E44-CEA2-4131-AE99-17FB0FDD704B}"
EndProject
Project("{9A19103F-16F7-4668-BE54-9A1E7A4F7556}") = "tnyWeather.Shared", "Shared\tnyWeather.Shared.csproj", "{52A726DB-A0C1-4E96-BA8C-B6CF30E9403D}"
EndProject
Project("{9A19103F-16F7-4668-BE54-9A1E7A4F7556}") = "tnyWeather.Accessors", "Accessors\tnyWeather.Accessors.csproj", "{25524CDE-DDFE-48F5-9711-09C0C2785B70}"
EndProject
Project("{9A19103F-16F7-4668-BE54-9A1E7A4F7556}") = "tnyWeather.Managers", "Managers\tnyWeather.Managers.csproj", "{B4DF920B-5A8F-460B-BC6D-CAA3F361566A}"
EndProject
Project("{9A19103F-16F7-4668-BE54-9A1E7A4F7556}") = "tnyWeather.Engines", "Engines\tnyWeather.Engines.csproj", "{F2E20DFB-163A-4DCF-A9A0-6661940758F8}"
EndProject
Project("{FAE04EC0-301F-11D3-BF4B-00C04F79EFBC}") = "tnyWeather.Tests", "tnyWeather.Tests\tnyWeather.Tests.csproj", "{DCC29A01-3B35-473C-B520-65C1A9ABE4F9}"
EndProject
Global
	GlobalSection(SolutionConfigurationPlatforms) = preSolution
		Debug|Any CPU = Debug|Any CPU
		Debug|x64 = Debug|x64
		Debug|x86 = Debug|x86
		Release|Any CPU = Release|Any CPU
		Release|x64 = Release|x64
		Release|x86 = Release|x86
	EndGlobalSection
	GlobalSection(ProjectConfigurationPlatforms) = postSolution
		{F3D50D00-CBF1-454C-9F35-E4A5687767DF}.Debug|Any CPU.ActiveCfg = Debug|Any CPU
		{F3D50D00-CBF1-454C-9F35-E4A5687767DF}.Debug|Any CPU.Build.0 = Debug|Any CPU
		{F3D50D00-CBF1-454C-9F35-E4A5687767DF}.Debug|x64.ActiveCfg = Debug|Any CPU
		{F3D50D00-CBF1-454C-9F35-E4A5687767DF}.Debug|x64.Build.0 = Debug|Any CPU
		{F3D50D00-CBF1-454C-9F35-E4A5687767DF}.Debug|x86.ActiveCfg = Debug|Any CPU
		{F3D50D00-CBF1-454C-9F35-E4A5687767DF}.Debug|x86.Build.0 = Debug|Any CPU
		{F3D50D00-CBF1-454C-9F35-E4A5687767DF}.Release|Any CPU.ActiveCfg = Release|Any CPU
		{F3D50D00-CBF1-454C-9F35-E4A5687767DF}.Release|Any CPU.Build.0 = Release|Any CPU
		{F3D50D00-CBF1-454C-9F35-E4A5687767DF}.Release|x64.ActiveCfg = Release|Any CPU
		{F3D50D00-CBF1-454C-9F35-E4A5687767DF}.Release|x64.Build.0 = Release|Any CPU
		{F3D50D00-CBF1-454C-9F35-E4A5687767DF}.Release|x86.ActiveCfg = Release|Any CPU
		{F3D50D00-CBF1-454C-9F35-E4A5687767DF}.Release|x86.Build.0 = Release|Any CPU
		{46008E44-CEA2-4131-AE99-17FB0FDD704B}.Debug|Any CPU.ActiveCfg = Debug|Any CPU
		{46008E44-CEA2-4131-AE99-17FB0FDD704B}.Debug|Any CPU.Build.0 = Debug|Any CPU
		{46008E44-CEA2-4131-AE99-17FB0FDD704B}.Debug|x64.ActiveCfg = Debug|Any CPU
		{46008E44-CEA2-4131-AE99-17FB0FDD704B}.Debug|x64.Build.0 = Debug|Any CPU
		{46008E44-CEA2-4131-AE99-17FB0FDD704B}.Debug|x86.ActiveCfg = Debug|Any CPU
		{46008E44-CEA2-4131-AE99-17FB0FDD704B}.Debug|x86.Build.0 = Debug|Any CPU
		{46008E44-CEA2-4131-AE99-17FB0FDD704B}.Release|Any CPU.ActiveCfg = Release|Any CPU
		{46008E44-CEA2-4131-AE99-17FB0FDD704B}.Release|Any CPU.Build.0 = Release|Any CPU
		{46008E44-CEA2-4131-AE99-17FB0FDD704B}.Release|x64.ActiveCfg = Release|Any CPU
		{46008E44-CEA2-4131-AE99-17FB0FDD704B}.Release|x64.Build.0 = Release|Any CPU
		{46008E44-CEA2-4131-AE99-17FB0FDD704B}.Release|x86.ActiveCfg = Release|Any CPU
		{46008E44-CEA2-4131-AE99-17FB0FDD704B}.Release|x86.Build.0 = Release|Any CPU
		{52A726DB-A0C1-4E96-BA8C-B6CF30E9403D}.Debug|Any CPU.ActiveCfg = Debug|Any CPU
		{52A726DB-A0C1-4E96-BA8C-B6CF30E9403D}.Debug|Any CPU.Build.0 = Debug|Any CPU
		{52A726DB-A0C1-4E96-BA8C-B6CF30E9403D}.Debug|x64.ActiveCfg = Debug|Any CPU
		{52A726DB-A0C1-4E96-BA8C-B6CF30E9403D}.Debug|x64.Build.0 = Debug|Any CPU
		{52A726DB-A0C1-4E96-BA8C-B6CF30E9403D}.Debug|x86.ActiveCfg = Debug|Any CPU
		{52A726DB-A0C1-4E96-BA8C-B6CF30E9403D}.Debug|x86.Build.0 = Debug|Any CPU
		{52A726DB-A0C1-4E96-BA8C-B6CF30E9403D}.Release|Any CPU.ActiveCfg = Release|Any CPU
		{52A726DB-A0C1-4E96-BA8C-B6CF30E9403D}.Release|Any CPU.Build.0 = Release|Any CPU
		{52A726DB-A0C1-4E96-BA8C-B6CF30E9403D}.Release|x64.ActiveCfg = Release|Any CPU
		{52A726DB-A0C1-4E96-BA8C-B6CF30E9403D}.Release|x64.Build.0 = Release|Any CPU
		{52A726DB-A0C1-4E96-BA8C-B6CF30E9403D}.Release|x86.ActiveCfg = Release|Any CPU
		{52A726DB-A0C1-4E96-BA8C-B6CF30E9403D}.Release|x86.Build.0 = Release|Any CPU
		{25524CDE-DDFE-48F5-9711-09C0C2785B70}.Debug|Any CPU.ActiveCfg = Debug|Any CPU
		{25524CDE-DDFE-48F5-9711-09C0C2785B70}.Debug|Any CPU.Build.0 = Debug|Any CPU
		{25524CDE-DDFE-48F5-9711-09C0C2785B70}.Debug|x64.ActiveCfg = Debug|Any CPU
		{25524CDE-DDFE-48F5-9711-09C0C2785B70}.Debug|x64.Build.0 = Debug|Any CPU
		{25524CDE-DDFE-48F5-9711-09C0C2785B70}.Debug|x86.ActiveCfg = Debug|Any CPU
		{25524CDE-DDFE-48F5-9711-09C0C2785B70}.Debug|x86.Build.0 = Debug|Any CPU
		{25524CDE-DDFE-48F5-9711-09C0C2785B70}.Release|Any CPU.ActiveCfg = Release|Any CPU
		{25524CDE-DDFE-48F5-9711-09C0C2785B70}.Release|Any CPU.Build.0 = Release|Any CPU
		{25524CDE-DDFE-48F5-9711-09C0C2785B70}.Release|x64.ActiveCfg = Release|Any CPU
		{25524CDE-DDFE-48F5-9711-09C0C2785B70}.Release|x64.Build.0 = Release|Any CPU
		{25524CDE-DDFE-48F5-9711-09C0C2785B70}.Release|x86.ActiveCfg = Release|Any CPU
		{25524CDE-DDFE-48F5-9711-09C0C2785B70}.Release|x86.Build.0 = Release|Any CPU
		{B4DF920B-5A8F-460B-BC6D-CAA3F361566A}.Debug|Any CPU.ActiveCfg = Debug|Any CPU
		{B4DF920B-5A8F-460B-BC6D-CAA3F361566A}.Debug|Any CPU.Build.0 = Debug|Any CPU
		{B4DF920B-5A8F-460B-BC6D-CAA3F361566A}.Debug|x64.ActiveCfg = Debug|Any CPU
		{B4DF920B-5A8F-460B-BC6D-CAA3F361566A}.Debug|x64.Build.0 = Debug|Any CPU
		{B4DF920B-5A8F-460B-BC6D-CAA3F361566A}.Debug|x86.ActiveCfg = Debug|Any CPU
		{B4DF920B-5A8F-460B-BC6D-CAA3F361566A}.Debug|x86.Build.0 = Debug|Any CPU
		{B4DF920B-5A8F-460B-BC6D-CAA3F361566A}.Release|Any CPU.ActiveCfg = Release|Any CPU
		{B4DF920B-5A8F-460B-BC6D-CAA3F361566A}.Release|Any CPU.Build.0 = Release|Any CPU
		{B4DF920B-5A8F-460B-BC6D-CAA3F361566A}.Release|x64.ActiveCfg = Release|Any CPU
		{B4DF920B-5A8F-460B-BC6D-CAA3F361566A}.Release|x64.Build.0 = Release|Any CPU
		{B4DF920B-5A8F-460B-BC6D-CAA3F361566A}.Release|x86.ActiveCfg = Release|Any CPU
		{B4DF920B-5A8F-460B-BC6D-CAA3F361566A}.Release|x86.Build.0 = Release|Any CPU
		{F2E20DFB-163A-4DCF-A9A0-6661940758F8}.Debug|Any CPU.ActiveCfg = Debug|Any CPU
		{F2E20DFB-163A-4DCF-A9A0-6661940758F8}.Debug|Any CPU.Build.0 = Debug|Any CPU
		{F2E20DFB-163A-4DCF-A9A0-6661940758F8}.Debug|x64.ActiveCfg = Debug|Any CPU
		{F2E20DFB-163A-4DCF-A9A0-6661940758F8}.Debug|x64.Build.0 = Debug|Any CPU
		{F2E20DFB-163A-4DCF-A9A0-6661940758F8}.Debug|x86.ActiveCfg = Debug|Any CPU
		{F2E20DFB-163A-4DCF-A9A0-6661940758F8}.Debug|x86.Build.0 = Debug|Any CPU
		{F2E20DFB-163A-4DCF-A9A0-6661940758F8}.Release|Any CPU.ActiveCfg = Release|Any CPU
		{F2E20DFB-163A-4DCF-A9A0-6661940758F8}.Release|Any CPU.Build.0 = Release|Any CPU
		{F2E20DFB-163A-4DCF-A9A0-6661940758F8}.Release|x64.ActiveCfg = Release|Any CPU
		{F2E20DFB-163A-4DCF-A9A0-6661940758F8}.Release|x64.Build.0 = Release|Any CPU
		{F2E20DFB-163A-4DCF-A9A0-6661940758F8}.Release|x86.ActiveCfg = Release|Any CPU
		{F2E20DFB-163A-4DCF-A9A0-6661940758F8}.Release|x86.Build.0 = Release|Any CPU
		{DCC29A01-3B35-473C-B520-65C1A9ABE4F9}.Debug|Any CPU.ActiveCfg = Debug|Any CPU
		{DCC29A01-3B35-473C-B520-65C1A9ABE4F9}.Debug|Any CPU.Build.0 = Debug|Any CPU
		{DCC29A01-3B35-473C-B520-65C1A9ABE4F9}.Debug|x64.ActiveCfg = Debug|Any CPU
		{DCC29A01-3B35-473C-B520-65C1A9ABE4F9}.Debug|x64.Build.0 = Debug|Any CPU
		{DCC29A01-3B35-473C-B520-65C1A9ABE4F9}.Debug|x86.ActiveCfg = Debug|Any CPU
		{DCC29A01-3B35-473C-B520-65C1A9ABE4F9}.Debug|x86.Build.0 = Debug|Any CPU
		{DCC29A01-3B35-473C-B520-65C1A9ABE4F9}.Release|Any CPU.ActiveCfg = Release|Any CPU
		{DCC29A01-3B35-473C-B520-65C1A9ABE4F9}.Release|Any CPU.Build.0 = Release|Any CPU
		{DCC29A01-3B35-473C-B520-65C1A9ABE4F9}.Release|x64.ActiveCfg = Release|Any CPU
		{DCC29A01-3B35-473C-B520-65C1A9ABE4F9}.Release|x64.Build.0 = Release|Any CPU
		{DCC29A01-3B35-473C-B520-65C1A9ABE4F9}.Release|x86.ActiveCfg = Release|Any CPU
		{DCC29A01-3B35-473C-B520-65C1A9ABE4F9}.Release|x86.Build.0 = Release|Any CPU
	EndGlobalSection
	GlobalSection(SolutionProperties) = preSolution
		HideSolutionNode = FALSE
	EndGlobalSection
	GlobalSection(ExtensibilityGlobals) = postSolution
		SolutionGuid = {B3DFE73B-0510-465A-8A71-8D58AEA251F0}
	EndGlobalSection
EndGlobal
